# This file was autogenerated by Stack.
# You should not edit this file by hand.
# For more information, please see the documentation at:
#   https://docs.haskellstack.org/en/stable/lock_files

packages:
- completed:
    hackage: wreq-0.5.3.3@sha256:841539c9d3e7b39c17aee32414d9232a11ab73ed51163fb5e7f68213ea15fe62,5317
    pantry-tree:
      size: 2423
      sha256: 76e00e840e629536a7ef80e0486d40309cfa1ebdfb4a2427c54082f304568854
  original:
    hackage: wreq-0.5.3.3
snapshots:
- completed:
    size: 616897
    url: https://raw.githubusercontent.com/commercialhaskell/stackage-snapshots/master/lts/19/0.yaml
    sha256: bbf2be02f17940bac1f87cb462d4fb0c3355de6dcfc53d84f4f9ad3ee2164f65
  original:
    url: https://raw.githubusercontent.com/commercialhaskell/stackage-snapshots/master/lts/19/0.yaml
